
Microsoft Visual Studio Solution File, Format Version 12.00
# Visual Studio Version 16
VisualStudioVersion = 16.0.29709.97
MinimumVisualStudioVersion = 10.0.40219.1
Project("{9A19103F-16F7-4668-BE54-9A1E7A4F7556}") = "Okex.Net", "Okex.Net\Okex.Net.csproj", "{503792AF-E048-4F0A-8489-2D1F96BB4DE2}"
EndProject
Project("{2150E333-8FDC-42A3-9474-1A3956D46DE8}") = "Solution Items", "Solution Items", "{6631A0B8-0EB3-4BBB-BE62-5A84D88CA1A4}"
	ProjectSection(SolutionItems) = preProject
		LICENSE = LICENSE
		README.md = README.md
	EndProjectSection
EndProject
Project("{FAE04EC0-301F-11D3-BF4B-00C04F79EFBC}") = "Okex.Net.Examples", "Okex.Net.Examples\Okex.Net.Examples.csproj", "{41D835E7-266B-4913-8D7D-ED687E8B7AB9}"
EndProject
Project("{9A19103F-16F7-4668-BE54-9A1E7A4F7556}") = "CryptoExchange.Net", "..\..\Paratica\CryptoExchange.Net\CryptoExchange.Net.csproj", "{43472B03-E232-4E08-9FBC-0BC942E536FD}"
EndProject
Global
	GlobalSection(SolutionConfigurationPlatforms) = preSolution
		Debug|Any CPU = Debug|Any CPU
		Release|Any CPU = Release|Any CPU
	EndGlobalSection
	GlobalSection(ProjectConfigurationPlatforms) = postSolution
		{503792AF-E048-4F0A-8489-2D1F96BB4DE2}.Debug|Any CPU.ActiveCfg = Debug|Any CPU
		{503792AF-E048-4F0A-8489-2D1F96BB4DE2}.Debug|Any CPU.Build.0 = Debug|Any CPU
		{503792AF-E048-4F0A-8489-2D1F96BB4DE2}.Release|Any CPU.ActiveCfg = Release|Any CPU
		{503792AF-E048-4F0A-8489-2D1F96BB4DE2}.Release|Any CPU.Build.0 = Release|Any CPU
		{41D835E7-266B-4913-8D7D-ED687E8B7AB9}.Debug|Any CPU.ActiveCfg = Debug|Any CPU
		{41D835E7-266B-4913-8D7D-ED687E8B7AB9}.Debug|Any CPU.Build.0 = Debug|Any CPU
		{41D835E7-266B-4913-8D7D-ED687E8B7AB9}.Release|Any CPU.ActiveCfg = Release|Any CPU
		{41D835E7-266B-4913-8D7D-ED687E8B7AB9}.Release|Any CPU.Build.0 = Release|Any CPU
		{43472B03-E232-4E08-9FBC-0BC942E536FD}.Debug|Any CPU.ActiveCfg = Debug|Any CPU
		{43472B03-E232-4E08-9FBC-0BC942E536FD}.Debug|Any CPU.Build.0 = Debug|Any CPU
		{43472B03-E232-4E08-9FBC-0BC942E536FD}.Release|Any CPU.ActiveCfg = Release|Any CPU
		{43472B03-E232-4E08-9FBC-0BC942E536FD}.Release|Any CPU.Build.0 = Release|Any CPU
	EndGlobalSection
	GlobalSection(SolutionProperties) = preSolution
		HideSolutionNode = FALSE
	EndGlobalSection
	GlobalSection(ExtensibilityGlobals) = postSolution
		SolutionGuid = {97A6446B-E2AF-4680-803A-426FACC435CA}
	EndGlobalSection
EndGlobal
